
Microsoft Visual Studio Solution File, Format Version 12.00
# Visual Studio Version 16
VisualStudioVersion = 16.0.28922.388
MinimumVisualStudioVersion = 10.0.40219.1
Project("{2150E333-8FDC-42A3-9474-1A3956D46DE8}") = "src", "src", "{25E9F63D-9477-429C-8FED-AB41CF25E4E5}"
EndProject
Project("{9A19103F-16F7-4668-BE54-9A1E7A4F7556}") = "Aix.ORM", "src\Aix.ORM\Aix.ORM.csproj", "{DF5F14F5-E2A9-41A4-A9F0-7A6FD935CAD5}"
EndProject
Project("{2150E333-8FDC-42A3-9474-1A3956D46DE8}") = "samples", "samples", "{21AD8331-3140-4D07-8E53-F6B83EE3AA06}"
EndProject
Project("{9A19103F-16F7-4668-BE54-9A1E7A4F7556}") = "Aix.ORMSample", "samples\Aix.ORMSample\Aix.ORMSample.csproj", "{31E4D38C-0B9E-47FE-BC58-B8FB03B2D4E5}"
EndProject
Project("{2150E333-8FDC-42A3-9474-1A3956D46DE8}") = "tools", "tools", "{1713E8C0-CD41-4921-9525-69D3537CD882}"
EndProject
Project("{9A19103F-16F7-4668-BE54-9A1E7A4F7556}") = "Aix.EntityGenerator", "tools\Aix.EntityGenerator\Aix.EntityGenerator.csproj", "{1F8466E4-FF81-46FB-8547-F39A2C13C233}"
EndProject
Project("{9A19103F-16F7-4668-BE54-9A1E7A4F7556}") = "Aix.EntityGeneratorApp", "tools\Aix.EntityGeneratorApp\Aix.EntityGeneratorApp.csproj", "{19B0062D-7A53-447F-BAC6-A4A74E041789}"
EndProject
Project("{FAE04EC0-301F-11D3-BF4B-00C04F79EFBC}") = "Aix.EntityGeneratorNew", "tools\Aix.EntityGeneratorNew\Aix.EntityGeneratorNew.csproj", "{5AA5BB1E-15C3-4580-8CE9-7FAC5FD250D8}"
EndProject
Project("{9A19103F-16F7-4668-BE54-9A1E7A4F7556}") = "Aix.EntityGeneratorAppNew", "tools\Aix.EntityGeneratorAppNew\Aix.EntityGeneratorAppNew.csproj", "{82792793-9710-4A68-8FC7-ED14E3645E56}"
EndProject
Global
	GlobalSection(SolutionConfigurationPlatforms) = preSolution
		Debug|Any CPU = Debug|Any CPU
		Release|Any CPU = Release|Any CPU
	EndGlobalSection
	GlobalSection(ProjectConfigurationPlatforms) = postSolution
		{DF5F14F5-E2A9-41A4-A9F0-7A6FD935CAD5}.Debug|Any CPU.ActiveCfg = Debug|Any CPU
		{DF5F14F5-E2A9-41A4-A9F0-7A6FD935CAD5}.Debug|Any CPU.Build.0 = Debug|Any CPU
		{DF5F14F5-E2A9-41A4-A9F0-7A6FD935CAD5}.Release|Any CPU.ActiveCfg = Release|Any CPU
		{DF5F14F5-E2A9-41A4-A9F0-7A6FD935CAD5}.Release|Any CPU.Build.0 = Release|Any CPU
		{31E4D38C-0B9E-47FE-BC58-B8FB03B2D4E5}.Debug|Any CPU.ActiveCfg = Debug|Any CPU
		{31E4D38C-0B9E-47FE-BC58-B8FB03B2D4E5}.Debug|Any CPU.Build.0 = Debug|Any CPU
		{31E4D38C-0B9E-47FE-BC58-B8FB03B2D4E5}.Release|Any CPU.ActiveCfg = Release|Any CPU
		{31E4D38C-0B9E-47FE-BC58-B8FB03B2D4E5}.Release|Any CPU.Build.0 = Release|Any CPU
		{1F8466E4-FF81-46FB-8547-F39A2C13C233}.Debug|Any CPU.ActiveCfg = Debug|Any CPU
		{1F8466E4-FF81-46FB-8547-F39A2C13C233}.Debug|Any CPU.Build.0 = Debug|Any CPU
		{1F8466E4-FF81-46FB-8547-F39A2C13C233}.Release|Any CPU.ActiveCfg = Release|Any CPU
		{1F8466E4-FF81-46FB-8547-F39A2C13C233}.Release|Any CPU.Build.0 = Release|Any CPU
		{19B0062D-7A53-447F-BAC6-A4A74E041789}.Debug|Any CPU.ActiveCfg = Debug|Any CPU
		{19B0062D-7A53-447F-BAC6-A4A74E041789}.Debug|Any CPU.Build.0 = Debug|Any CPU
		{19B0062D-7A53-447F-BAC6-A4A74E041789}.Release|Any CPU.ActiveCfg = Release|Any CPU
		{19B0062D-7A53-447F-BAC6-A4A74E041789}.Release|Any CPU.Build.0 = Release|Any CPU
		{5AA5BB1E-15C3-4580-8CE9-7FAC5FD250D8}.Debug|Any CPU.ActiveCfg = Debug|Any CPU
		{5AA5BB1E-15C3-4580-8CE9-7FAC5FD250D8}.Debug|Any CPU.Build.0 = Debug|Any CPU
		{5AA5BB1E-15C3-4580-8CE9-7FAC5FD250D8}.Release|Any CPU.ActiveCfg = Release|Any CPU
		{5AA5BB1E-15C3-4580-8CE9-7FAC5FD250D8}.Release|Any CPU.Build.0 = Release|Any CPU
		{82792793-9710-4A68-8FC7-ED14E3645E56}.Debug|Any CPU.ActiveCfg = Debug|Any CPU
		{82792793-9710-4A68-8FC7-ED14E3645E56}.Debug|Any CPU.Build.0 = Debug|Any CPU
		{82792793-9710-4A68-8FC7-ED14E3645E56}.Release|Any CPU.ActiveCfg = Release|Any CPU
		{82792793-9710-4A68-8FC7-ED14E3645E56}.Release|Any CPU.Build.0 = Release|Any CPU
	EndGlobalSection
	GlobalSection(SolutionProperties) = preSolution
		HideSolutionNode = FALSE
	EndGlobalSection
	GlobalSection(NestedProjects) = preSolution
		{DF5F14F5-E2A9-41A4-A9F0-7A6FD935CAD5} = {25E9F63D-9477-429C-8FED-AB41CF25E4E5}
		{31E4D38C-0B9E-47FE-BC58-B8FB03B2D4E5} = {21AD8331-3140-4D07-8E53-F6B83EE3AA06}
		{1F8466E4-FF81-46FB-8547-F39A2C13C233} = {1713E8C0-CD41-4921-9525-69D3537CD882}
		{19B0062D-7A53-447F-BAC6-A4A74E041789} = {1713E8C0-CD41-4921-9525-69D3537CD882}
		{5AA5BB1E-15C3-4580-8CE9-7FAC5FD250D8} = {1713E8C0-CD41-4921-9525-69D3537CD882}
		{82792793-9710-4A68-8FC7-ED14E3645E56} = {1713E8C0-CD41-4921-9525-69D3537CD882}
	EndGlobalSection
	GlobalSection(ExtensibilityGlobals) = postSolution
		SolutionGuid = {2A6A8EEE-C7F7-4F71-8699-F5BC465A7210}
	EndGlobalSection
EndGlobal
